// !$*UTF8*$!
{
	archiveVersion = 1;
	classes = {
	};
	objectVersion = 48;
	objects = {

/* Begin PBXBuildFile section */
		B5E53089202D2E33004B491B /* AppDelegate.swift in Sources */ = {isa = PBXBuildFile; fileRef = B5E53088202D2E33004B491B /* AppDelegate.swift */; };
		B5E5308B202D2E33004B491B /* ViewController.swift in Sources */ = {isa = PBXBuildFile; fileRef = B5E5308A202D2E33004B491B /* ViewController.swift */; };
		B5E5308E202D2E33004B491B /* Main.storyboard in Resources */ = {isa = PBXBuildFile; fileRef = B5E5308C202D2E33004B491B /* Main.storyboard */; };
		B5E53090202D2E33004B491B /* Assets.xcassets in Resources */ = {isa = PBXBuildFile; fileRef = B5E5308F202D2E33004B491B /* Assets.xcassets */; };
		B5E53093202D2E33004B491B /* LaunchScreen.storyboard in Resources */ = {isa = PBXBuildFile; fileRef = B5E53091202D2E33004B491B /* LaunchScreen.storyboard */; };
		B5E5309E202D2E33004B491B /* WangyiMusicPlayerTests.swift in Sources */ = {isa = PBXBuildFile; fileRef = B5E5309D202D2E33004B491B /* WangyiMusicPlayerTests.swift */; };
		B5E530A9202D2E33004B491B /* WangyiMusicPlayerUITests.swift in Sources */ = {isa = PBXBuildFile; fileRef = B5E530A8202D2E33004B491B /* WangyiMusicPlayerUITests.swift */; };
/* End PBXBuildFile section */

/* Begin PBXContainerItemProxy section */
		B5E5309A202D2E33004B491B /* PBXContainerItemProxy */ = {
			isa = PBXContainerItemProxy;
			containerPortal = B5E5307D202D2E33004B491B /* Project object */;
			proxyType = 1;
			remoteGlobalIDString = B5E53084202D2E33004B491B;
			remoteInfo = WangyiMusicPlayer;
		};
		B5E530A5202D2E33004B491B /* PBXContainerItemProxy */ = {
			isa = PBXContainerItemProxy;
			containerPortal = B5E5307D202D2E33004B491B /* Project object */;
			proxyType = 1;
			remoteGlobalIDString = B5E53084202D2E33004B491B;
			remoteInfo = WangyiMusicPlayer;
		};
/* End PBXContainerItemProxy section */

/* Begin PBXFileReference section */
		B5E53085202D2E33004B491B /* WangyiMusicPlayer.app */ = {isa = PBXFileReference; explicitFileType = wrapper.application; includeInIndex = 0; path = WangyiMusicPlayer.app; sourceTree = BUILT_PRODUCTS_DIR; };
		B5E53088202D2E33004B491B /* AppDelegate.swift */ = {isa = PBXFileReference; lastKnownFileType = sourcecode.swift; path = AppDelegate.swift; sourceTree = "<group>"; };
		B5E5308A202D2E33004B491B /* ViewController.swift */ = {isa = PBXFileReference; lastKnownFileType = sourcecode.swift; path = ViewController.swift; sourceTree = "<group>"; };
		B5E5308D202D2E33004B491B /* Base */ = {isa = PBXFileReference; lastKnownFileType = file.storyboard; name = Base; path = Base.lproj/Main.storyboard; sourceTree = "<group>"; };
		B5E5308F202D2E33004B491B /* Assets.xcassets */ = {isa = PBXFileReference; lastKnownFileType = folder.assetcatalog; path = Assets.xcassets; sourceTree = "<group>"; };
		B5E53092202D2E33004B491B /* Base */ = {isa = PBXFileReference; lastKnownFileType = file.storyboard; name = Base; path = Base.lproj/LaunchScreen.storyboard; sourceTree = "<group>"; };
		B5E53094202D2E33004B491B /* Info.plist */ = {isa = PBXFileReference; lastKnownFileType = text.plist.xml; path = Info.plist; sourceTree = "<group>"; };
		B5E53099202D2E33004B491B /* WangyiMusicPlayerTests.xctest */ = {isa = PBXFileReference; explicitFileType = wrapper.cfbundle; includeInIndex = 0; path = WangyiMusicPlayerTests.xctest; sourceTree = BUILT_PRODUCTS_DIR; };
		B5E5309D202D2E33004B491B /* WangyiMusicPlayerTests.swift */ = {isa = PBXFileReference; lastKnownFileType = sourcecode.swift; path = WangyiMusicPlayerTests.swift; sourceTree = "<group>"; };
		B5E5309F202D2E33004B491B /* Info.plist */ = {isa = PBXFileReference; lastKnownFileType = text.plist.xml; path = Info.plist; sourceTree = "<group>"; };
		B5E530A4202D2E33004B491B /* WangyiMusicPlayerUITests.xctest */ = {isa = PBXFileReference; explicitFileType = wrapper.cfbundle; includeInIndex = 0; path = WangyiMusicPlayerUITests.xctest; sourceTree = BUILT_PRODUCTS_DIR; };
		B5E530A8202D2E33004B491B /* WangyiMusicPlayerUITests.swift */ = {isa = PBXFileReference; lastKnownFileType = sourcecode.swift; path = WangyiMusicPlayerUITests.swift; sourceTree = "<group>"; };
		B5E530AA202D2E33004B491B /* Info.plist */ = {isa = PBXFileReference; lastKnownFileType = text.plist.xml; path = Info.plist; sourceTree = "<group>"; };
/* End PBXFileReference section */

/* Begin PBXFrameworksBuildPhase section */
		B5E53082202D2E33004B491B /* Frameworks */ = {
			isa = PBXFrameworksBuildPhase;
			buildActionMask = 2147483647;
			files = (
			);
			runOnlyForDeploymentPostprocessing = 0;
		};
		B5E53096202D2E33004B491B /* Frameworks */ = {
			isa = PBXFrameworksBuildPhase;
			buildActionMask = 2147483647;
			files = (
			);
			runOnlyForDeploymentPostprocessing = 0;
		};
		B5E530A1202D2E33004B491B /* Frameworks */ = {
			isa = PBXFrameworksBuildPhase;
			buildActionMask = 2147483647;
			files = (
			);
			runOnlyForDeploymentPostprocessing = 0;
		};
/* End PBXFrameworksBuildPhase section */

/* Begin PBXGroup section */
		B5E5307C202D2E33004B491B = {
			isa = PBXGroup;
			children = (
				B5E53087202D2E33004B491B /* WangyiMusicPlayer */,
				B5E5309C202D2E33004B491B /* WangyiMusicPlayerTests */,
				B5E530A7202D2E33004B491B /* WangyiMusicPlayerUITests */,
				B5E53086202D2E33004B491B /* Products */,
			);
			sourceTree = "<group>";
		};
		B5E53086202D2E33004B491B /* Products */ = {
			isa = PBXGroup;
			children = (
				B5E53085202D2E33004B491B /* WangyiMusicPlayer.app */,
				B5E53099202D2E33004B491B /* WangyiMusicPlayerTests.xctest */,
				B5E530A4202D2E33004B491B /* WangyiMusicPlayerUITests.xctest */,
			);
			name = Products;
			sourceTree = "<group>";
		};
		B5E53087202D2E33004B491B /* WangyiMusicPlayer */ = {
			isa = PBXGroup;
			children = (
				B5E53088202D2E33004B491B /* AppDelegate.swift */,
				B5E5308A202D2E33004B491B /* ViewController.swift */,
				B5E5308C202D2E33004B491B /* Main.storyboard */,
				B5E5308F202D2E33004B491B /* Assets.xcassets */,
				B5E53091202D2E33004B491B /* LaunchScreen.storyboard */,
				B5E53094202D2E33004B491B /* Info.plist */,
			);
			path = WangyiMusicPlayer;
			sourceTree = "<group>";
		};
		B5E5309C202D2E33004B491B /* WangyiMusicPlayerTests */ = {
			isa = PBXGroup;
			children = (
				B5E5309D202D2E33004B491B /* WangyiMusicPlayerTests.swift */,
				B5E5309F202D2E33004B491B /* Info.plist */,
			);
			path = WangyiMusicPlayerTests;
			sourceTree = "<group>";
		};
		B5E530A7202D2E33004B491B /* WangyiMusicPlayerUITests */ = {
			isa = PBXGroup;
			children = (
				B5E530A8202D2E33004B491B /* WangyiMusicPlayerUITests.swift */,
				B5E530AA202D2E33004B491B /* Info.plist */,
			);
			path = WangyiMusicPlayerUITests;
			sourceTree = "<group>";
		};
/* End PBXGroup section */

/* Begin PBXNativeTarget section */
		B5E53084202D2E33004B491B /* WangyiMusicPlayer */ = {
			isa = PBXNativeTarget;
			buildConfigurationList = B5E530AD202D2E33004B491B /* Build configuration list for PBXNativeTarget "WangyiMusicPlayer" */;
			buildPhases = (
				B5E53081202D2E33004B491B /* Sources */,
				B5E53082202D2E33004B491B /* Frameworks */,
				B5E53083202D2E33004B491B /* Resources */,
			);
			buildRules = (
			);
			dependencies = (
			);
			name = WangyiMusicPlayer;
			productName = WangyiMusicPlayer;
			productReference = B5E53085202D2E33004B491B /* WangyiMusicPlayer.app */;
			productType = "com.apple.product-type.application";
		};
		B5E53098202D2E33004B491B /* WangyiMusicPlayerTests */ = {
			isa = PBXNativeTarget;
			buildConfigurationList = B5E530B0202D2E33004B491B /* Build configuration list for PBXNativeTarget "WangyiMusicPlayerTests" */;
			buildPhases = (
				B5E53095202D2E33004B491B /* Sources */,
				B5E53096202D2E33004B491B /* Frameworks */,
				B5E53097202D2E33004B491B /* Resources */,
			);
			buildRules = (
			);
			dependencies = (
				B5E5309B202D2E33004B491B /* PBXTargetDependency */,
			);
			name = WangyiMusicPlayerTests;
			productName = WangyiMusicPlayerTests;
			productReference = B5E53099202D2E33004B491B /* WangyiMusicPlayerTests.xctest */;
			productType = "com.apple.product-type.bundle.unit-test";
		};
		B5E530A3202D2E33004B491B /* WangyiMusicPlayerUITests */ = {
			isa = PBXNativeTarget;
			buildConfigurationList = B5E530B3202D2E33004B491B /* Build configuration list for PBXNativeTarget "WangyiMusicPlayerUITests" */;
			buildPhases = (
				B5E530A0202D2E33004B491B /* Sources */,
				B5E530A1202D2E33004B491B /* Frameworks */,
				B5E530A2202D2E33004B491B /* Resources */,
			);
			buildRules = (
			);
			dependencies = (
				B5E530A6202D2E33004B491B /* PBXTargetDependency */,
			);
			name = WangyiMusicPlayerUITests;
			productName = WangyiMusicPlayerUITests;
			productReference = B5E530A4202D2E33004B491B /* WangyiMusicPlayerUITests.xctest */;
			productType = "com.apple.product-type.bundle.ui-testing";
		};
/* End PBXNativeTarget section */

/* Begin PBXProject section */
		B5E5307D202D2E33004B491B /* Project object */ = {
			isa = PBXProject;
			attributes = {
				LastSwiftUpdateCheck = 0920;
				LastUpgradeCheck = 0920;
				ORGANIZATIONNAME = "yuting jiang";
				TargetAttributes = {
					B5E53084202D2E33004B491B = {
						CreatedOnToolsVersion = 9.2;
						ProvisioningStyle = Automatic;
					};
					B5E53098202D2E33004B491B = {
						CreatedOnToolsVersion = 9.2;
						ProvisioningStyle = Automatic;
						TestTargetID = B5E53084202D2E33004B491B;
					};
					B5E530A3202D2E33004B491B = {
						CreatedOnToolsVersion = 9.2;
						ProvisioningStyle = Automatic;
						TestTargetID = B5E53084202D2E33004B491B;
					};
				};
			};
			buildConfigurationList = B5E53080202D2E33004B491B /* Build configuration list for PBXProject "WangyiMusicPlayer" */;
			compatibilityVersion = "Xcode 8.0";
			developmentRegion = en;
			hasScannedForEncodings = 0;
			knownRegions = (
				en,
				Base,
			);
			mainGroup = B5E5307C202D2E33004B491B;
			productRefGroup = B5E53086202D2E33004B491B /* Products */;
			projectDirPath = "";
			projectRoot = "";
			targets = (
				B5E53084202D2E33004B491B /* WangyiMusicPlayer */,
				B5E53098202D2E33004B491B /* WangyiMusicPlayerTests */,
				B5E530A3202D2E33004B491B /* WangyiMusicPlayerUITests */,
			);
		};
/* End PBXProject section */

/* Begin PBXResourcesBuildPhase section */
		B5E53083202D2E33004B491B /* Resources */ = {
			isa = PBXResourcesBuildPhase;
			buildActionMask = 2147483647;
			files = (
				B5E53093202D2E33004B491B /* LaunchScreen.storyboard in Resources */,
				B5E53090202D2E33004B491B /* Assets.xcassets in Resources */,
				B5E5308E202D2E33004B491B /* Main.storyboard in Resources */,
			);
			runOnlyForDeploymentPostprocessing = 0;
		};
		B5E53097202D2E33004B491B /* Resources */ = {
			isa = PBXResourcesBuildPhase;
			buildActionMask = 2147483647;
			files = (
			);
			runOnlyForDeploymentPostprocessing = 0;
		};
		B5E530A2202D2E33004B491B /* Resources */ = {
			isa = PBXResourcesBuildPhase;
			buildActionMask = 2147483647;
			files = (
			);
			runOnlyForDeploymentPostprocessing = 0;
		};
/* End PBXResourcesBuildPhase section */

/* Begin PBXSourcesBuildPhase section */
		B5E53081202D2E33004B491B /* Sources */ = {
			isa = PBXSourcesBuildPhase;
			buildActionMask = 2147483647;
			files = (
				B5E5308B202D2E33004B491B /* ViewController.swift in Sources */,
				B5E53089202D2E33004B491B /* AppDelegate.swift in Sources */,
			);
			runOnlyForDeploymentPostprocessing = 0;
		};
		B5E53095202D2E33004B491B /* Sources */ = {
			isa = PBXSourcesBuildPhase;
			buildActionMask = 2147483647;
			files = (
				B5E5309E202D2E33004B491B /* WangyiMusicPlayerTests.swift in Sources */,
			);
			runOnlyForDeploymentPostprocessing = 0;
		};
		B5E530A0202D2E33004B491B /* Sources */ = {
			isa = PBXSourcesBuildPhase;
			buildActionMask = 2147483647;
			files = (
				B5E530A9202D2E33004B491B /* WangyiMusicPlayerUITests.swift in Sources */,
			);
			runOnlyForDeploymentPostprocessing = 0;
		};
/* End PBXSourcesBuildPhase section */

/* Begin PBXTargetDependency section */
		B5E5309B202D2E33004B491B /* PBXTargetDependency */ = {
			isa = PBXTargetDependency;
			target = B5E53084202D2E33004B491B /* WangyiMusicPlayer */;
			targetProxy = B5E5309A202D2E33004B491B /* PBXContainerItemProxy */;
		};
		B5E530A6202D2E33004B491B /* PBXTargetDependency */ = {
			isa = PBXTargetDependency;
			target = B5E53084202D2E33004B491B /* WangyiMusicPlayer */;
			targetProxy = B5E530A5202D2E33004B491B /* PBXContainerItemProxy */;
		};
/* End PBXTargetDependency section */

/* Begin PBXVariantGroup section */
		B5E5308C202D2E33004B491B /* Main.storyboard */ = {
			isa = PBXVariantGroup;
			children = (
				B5E5308D202D2E33004B491B /* Base */,
			);
			name = Main.storyboard;
			sourceTree = "<group>";
		};
		B5E53091202D2E33004B491B /* LaunchScreen.storyboard */ = {
			isa = PBXVariantGroup;
			children = (
				B5E53092202D2E33004B491B /* Base */,
			);
			name = LaunchScreen.storyboard;
			sourceTree = "<group>";
		};
/* End PBXVariantGroup section */

/* Begin XCBuildConfiguration section */
		B5E530AB202D2E33004B491B /* Debug */ = {
			isa = XCBuildConfiguration;
			buildSettings = {
				ALWAYS_SEARCH_USER_PATHS = NO;
				CLANG_ANALYZER_NONNULL = YES;
				CLANG_ANALYZER_NUMBER_OBJECT_CONVERSION = YES_AGGRESSIVE;
				CLANG_CXX_LANGUAGE_STANDARD = "gnu++14";
				CLANG_CXX_LIBRARY = "libc++";
				CLANG_ENABLE_MODULES = YES;
				CLANG_ENABLE_OBJC_ARC = YES;
				CLANG_WARN_BLOCK_CAPTURE_AUTORELEASING = YES;
				CLANG_WARN_BOOL_CONVERSION = YES;
				CLANG_WARN_COMMA = YES;
				CLANG_WARN_CONSTANT_CONVERSION = YES;
				CLANG_WARN_DIRECT_OBJC_ISA_USAGE = YES_ERROR;
				CLANG_WARN_DOCUMENTATION_COMMENTS = YES;
				CLANG_WARN_EMPTY_BODY = YES;
				CLANG_WARN_ENUM_CONVERSION = YES;
				CLANG_WARN_INFINITE_RECURSION = YES;
				CLANG_WARN_INT_CONVERSION = YES;
				CLANG_WARN_NON_LITERAL_NULL_CONVERSION = YES;
				CLANG_WARN_OBJC_LITERAL_CONVERSION = YES;
				CLANG_WARN_OBJC_ROOT_CLASS = YES_ERROR;
				CLANG_WARN_RANGE_LOOP_ANALYSIS = YES;
				CLANG_WARN_STRICT_PROTOTYPES = YES;
				CLANG_WARN_SUSPICIOUS_MOVE = YES;
				CLANG_WARN_UNGUARDED_AVAILABILITY = YES_AGGRESSIVE;
				CLANG_WARN_UNREACHABLE_CODE = YES;
				CLANG_WARN__DUPLICATE_METHOD_MATCH = YES;
				CODE_SIGN_IDENTITY = "iPhone Developer";
				COPY_PHASE_STRIP = NO;
				DEBUG_INFORMATION_FORMAT = dwarf;
				ENABLE_STRICT_OBJC_MSGSEND = YES;
				ENABLE_TESTABILITY = YES;
				GCC_C_LANGUAGE_STANDARD = gnu11;
				GCC_DYNAMIC_NO_PIC = NO;
				GCC_NO_COMMON_BLOCKS = YES;
				GCC_OPTIMIZATION_LEVEL = 0;
				GCC_PREPROCESSOR_DEFINITIONS = (
					"DEBUG=1",
					"$(inherited)",
				);
				GCC_WARN_64_TO_32_BIT_CONVERSION = YES;
				GCC_WARN_ABOUT_RETURN_TYPE = YES_ERROR;
				GCC_WARN_UNDECLARED_SELECTOR = YES;
				GCC_WARN_UNINITIALIZED_AUTOS = YES_AGGRESSIVE;
				GCC_WARN_UNUSED_FUNCTION = YES;
				GCC_WARN_UNUSED_VARIABLE = YES;
				IPHONEOS_DEPLOYMENT_TARGET = 11.2;
				MTL_ENABLE_DEBUG_INFO = YES;
				ONLY_ACTIVE_ARCH = YES;
				SDKROOT = iphoneos;
				SWIFT_ACTIVE_COMPILATION_CONDITIONS = DEBUG;
				SWIFT_OPTIMIZATION_LEVEL = "-Onone";
			};
			name = Debug;
		};
		B5E530AC202D2E33004B491B /* Release */ = {
			isa = XCBuildConfiguration;
			buildSettings = {
				ALWAYS_SEARCH_USER_PATHS = NO;
				CLANG_ANALYZER_NONNULL = YES;
				CLANG_ANALYZER_NUMBER_OBJECT_CONVERSION = YES_AGGRESSIVE;
				CLANG_CXX_LANGUAGE_STANDARD = "gnu++14";
				CLANG_CXX_LIBRARY = "libc++";
				CLANG_ENABLE_MODULES = YES;
				CLANG_ENABLE_OBJC_ARC = YES;
				CLANG_WARN_BLOCK_CAPTURE_AUTORELEASING = YES;
				CLANG_WARN_BOOL_CONVERSION = YES;
				CLANG_WARN_COMMA = YES;
				CLANG_WARN_CONSTANT_CONVERSION = YES;
				CLANG_WARN_DIRECT_OBJC_ISA_USAGE = YES_ERROR;
				CLANG_WARN_DOCUMENTATION_COMMENTS = YES;
				CLANG_WARN_EMPTY_BODY = YES;
				CLANG_WARN_ENUM_CONVERSION = YES;
				CLANG_WARN_INFINITE_RECURSION = YES;
				CLANG_WARN_INT_CONVERSION = YES;
				CLANG_WARN_NON_LITERAL_NULL_CONVERSION = YES;
				CLANG_WARN_OBJC_LITERAL_CONVERSION = YES;
				CLANG_WARN_OBJC_ROOT_CLASS = YES_ERROR;
				CLANG_WARN_RANGE_LOOP_ANALYSIS = YES;
				CLANG_WARN_STRICT_PROTOTYPES = YES;
				CLANG_WARN_SUSPICIOUS_MOVE = YES;
				CLANG_WARN_UNGUARDED_AVAILABILITY = YES_AGGRESSIVE;
				CLANG_WARN_UNREACHABLE_CODE = YES;
				CLANG_WARN__DUPLICATE_METHOD_MATCH = YES;
				CODE_SIGN_IDENTITY = "iPhone Developer";
				COPY_PHASE_STRIP = NO;
				DEBUG_INFORMATION_FORMAT = "dwarf-with-dsym";
				ENABLE_NS_ASSERTIONS = NO;
				ENABLE_STRICT_OBJC_MSGSEND = YES;
				GCC_C_LANGUAGE_STANDARD = gnu11;
				GCC_NO_COMMON_BLOCKS = YES;
				GCC_WARN_64_TO_32_BIT_CONVERSION = YES;
				GCC_WARN_ABOUT_RETURN_TYPE = YES_ERROR;
				GCC_WARN_UNDECLARED_SELECTOR = YES;
				GCC_WARN_UNINITIALIZED_AUTOS = YES_AGGRESSIVE;
				GCC_WARN_UNUSED_FUNCTION = YES;
				GCC_WARN_UNUSED_VARIABLE = YES;
				IPHONEOS_DEPLOYMENT_TARGET = 11.2;
				MTL_ENABLE_DEBUG_INFO = NO;
				SDKROOT = iphoneos;
				SWIFT_OPTIMIZATION_LEVEL = "-Owholemodule";
				VALIDATE_PRODUCT = YES;
			};
			name = Release;
		};
		B5E530AE202D2E33004B491B /* Debug */ = {
			isa = XCBuildConfiguration;
			buildSettings = {
				ASSETCATALOG_COMPILER_APPICON_NAME = AppIcon;
				CODE_SIGN_STYLE = Automatic;
				INFOPLIST_FILE = WangyiMusicPlayer/Info.plist;
				LD_RUNPATH_SEARCH_PATHS = "$(inherited) @executable_path/Frameworks";
				PRODUCT_BUNDLE_IDENTIFIER = thinker.WangyiMusicPlayer;
				PRODUCT_NAME = "$(TARGET_NAME)";
				SWIFT_VERSION = 4.0;
				TARGETED_DEVICE_FAMILY = "1,2";
			};
			name = Debug;
		};
		B5E530AF202D2E33004B491B /* Release */ = {
			isa = XCBuildConfiguration;
			buildSettings = {
				ASSETCATALOG_COMPILER_APPICON_NAME = AppIcon;
				CODE_SIGN_STYLE = Automatic;
				INFOPLIST_FILE = WangyiMusicPlayer/Info.plist;
				LD_RUNPATH_SEARCH_PATHS = "$(inherited) @executable_path/Frameworks";
				PRODUCT_BUNDLE_IDENTIFIER = thinker.WangyiMusicPlayer;
				PRODUCT_NAME = "$(TARGET_NAME)";
				SWIFT_VERSION = 4.0;
				TARGETED_DEVICE_FAMILY = "1,2";
			};
			name = Release;
		};
		B5E530B1202D2E33004B491B /* Debug */ = {
			isa = XCBuildConfiguration;
			buildSettings = {
				ALWAYS_EMBED_SWIFT_STANDARD_LIBRARIES = YES;
				BUNDLE_LOADER = "$(TEST_HOST)";
				CODE_SIGN_STYLE = Automatic;
				INFOPLIST_FILE = WangyiMusicPlayerTests/Info.plist;
				LD_RUNPATH_SEARCH_PATHS = "$(inherited) @executable_path/Frameworks @loader_path/Frameworks";
				PRODUCT_BUNDLE_IDENTIFIER = thinker.WangyiMusicPlayerTests;
				PRODUCT_NAME = "$(TARGET_NAME)";
				SWIFT_VERSION = 4.0;
				TARGETED_DEVICE_FAMILY = "1,2";
				TEST_HOST = "$(BUILT_PRODUCTS_DIR)/WangyiMusicPlayer.app/WangyiMusicPlayer";
			};
			name = Debug;
		};
		B5E530B2202D2E33004B491B /* Release */ = {
			isa = XCBuildConfiguration;
			buildSettings = {
				ALWAYS_EMBED_SWIFT_STANDARD_LIBRARIES = YES;
				BUNDLE_LOADER = "$(TEST_HOST)";
				CODE_SIGN_STYLE = Automatic;
				INFOPLIST_FILE = WangyiMusicPlayerTests/Info.plist;
				LD_RUNPATH_SEARCH_PATHS = "$(inherited) @executable_path/Frameworks @loader_path/Frameworks";
				PRODUCT_BUNDLE_IDENTIFIER = thinker.WangyiMusicPlayerTests;
				PRODUCT_NAME = "$(TARGET_NAME)";
				SWIFT_VERSION = 4.0;
				TARGETED_DEVICE_FAMILY = "1,2";
				TEST_HOST = "$(BUILT_PRODUCTS_DIR)/WangyiMusicPlayer.app/WangyiMusicPlayer";
			};
			name = Release;
		};
		B5E530B4202D2E33004B491B /* Debug */ = {
			isa = XCBuildConfiguration;
			buildSettings = {
				ALWAYS_EMBED_SWIFT_STANDARD_LIBRARIES = YES;
				CODE_SIGN_STYLE = Automatic;
				INFOPLIST_FILE = WangyiMusicPlayerUITests/Info.plist;
				LD_RUNPATH_SEARCH_PATHS = "$(inherited) @executable_path/Frameworks @loader_path/Frameworks";
				PRODUCT_BUNDLE_IDENTIFIER = thinker.WangyiMusicPlayerUITests;
				PRODUCT_NAME = "$(TARGET_NAME)";
				SWIFT_VERSION = 4.0;
				TARGETED_DEVICE_FAMILY = "1,2";
				TEST_TARGET_NAME = WangyiMusicPlayer;
			};
			name = Debug;
		};
		B5E530B5202D2E33004B491B /* Release */ = {
			isa = XCBuildConfiguration;
			buildSettings = {
				ALWAYS_EMBED_SWIFT_STANDARD_LIBRARIES = YES;
				CODE_SIGN_STYLE = Automatic;
				INFOPLIST_FILE = WangyiMusicPlayerUITests/Info.plist;
				LD_RUNPATH_SEARCH_PATHS = "$(inherited) @executable_path/Frameworks @loader_path/Frameworks";
				PRODUCT_BUNDLE_IDENTIFIER = thinker.WangyiMusicPlayerUITests;
				PRODUCT_NAME = "$(TARGET_NAME)";
				SWIFT_VERSION = 4.0;
				TARGETED_DEVICE_FAMILY = "1,2";
				TEST_TARGET_NAME = WangyiMusicPlayer;
			};
			name = Release;
		};
/* End XCBuildConfiguration section */

/* Begin XCConfigurationList section */
		B5E53080202D2E33004B491B /* Build configuration list for PBXProject "WangyiMusicPlayer" */ = {
			isa = XCConfigurationList;
			buildConfigurations = (
				B5E530AB202D2E33004B491B /* Debug */,
				B5E530AC202D2E33004B491B /* Release */,
			);
			defaultConfigurationIsVisible = 0;
			defaultConfigurationName = Release;
		};
		B5E530AD202D2E33004B491B /* Build configuration list for PBXNativeTarget "WangyiMusicPlayer" */ = {
			isa = XCConfigurationList;
			buildConfigurations = (
				B5E530AE202D2E33004B491B /* Debug */,
				B5E530AF202D2E33004B491B /* Release */,
			);
			defaultConfigurationIsVisible = 0;
			defaultConfigurationName = Release;
		};
		B5E530B0202D2E33004B491B /* Build configuration list for PBXNativeTarget "WangyiMusicPlayerTests" */ = {
			isa = XCConfigurationList;
			buildConfigurations = (
				B5E530B1202D2E33004B491B /* Debug */,
				B5E530B2202D2E33004B491B /* Release */,
			);
			defaultConfigurationIsVisible = 0;
			defaultConfigurationName = Release;
		};
		B5E530B3202D2E33004B491B /* Build configuration list for PBXNativeTarget "WangyiMusicPlayerUITests" */ = {
			isa = XCConfigurationList;
			buildConfigurations = (
				B5E530B4202D2E33004B491B /* Debug */,
				B5E530B5202D2E33004B491B /* Release */,
			);
			defaultConfigurationIsVisible = 0;
			defaultConfigurationName = Release;
		};
/* End XCConfigurationList section */
	};
	rootObject = B5E5307D202D2E33004B491B /* Project object */;
}
